// !$*UTF8*$!
{
	archiveVersion = 1;
	classes = {
	};
	objectVersion = 48;
	objects = {

/* Begin PBXBuildFile section */
		79106E77201D8EFD003F9729 /* AddSemesterController+UIPickerViewDelegate.swift in Sources */ = {isa = PBXBuildFile; fileRef = 79106E76201D8EFD003F9729 /* AddSemesterController+UIPickerViewDelegate.swift */; };
		79106E7E201D93BD003F9729 /* SelectIconController.swift in Sources */ = {isa = PBXBuildFile; fileRef = 79106E7D201D93BD003F9729 /* SelectIconController.swift */; };
		79289623201DFD9E00BC22D3 /* SemestersController+UITableViewDelegate.swift in Sources */ = {isa = PBXBuildFile; fileRef = 79289622201DFD9E00BC22D3 /* SemestersController+UITableViewDelegate.swift */; };
		79289625201DFE5800BC22D3 /* SemestersController+Protocol.swift in Sources */ = {isa = PBXBuildFile; fileRef = 79289624201DFE5800BC22D3 /* SemestersController+Protocol.swift */; };
		79289627201DFE8200BC22D3 /* SemestersController+ActionModel.swift in Sources */ = {isa = PBXBuildFile; fileRef = 79289626201DFE8200BC22D3 /* SemestersController+ActionModel.swift */; };
		79289629201DFEF700BC22D3 /* SemesterClass.swift in Sources */ = {isa = PBXBuildFile; fileRef = 79289628201DFEF700BC22D3 /* SemesterClass.swift */; };
		7928962B201DFF0700BC22D3 /* Semester.swift in Sources */ = {isa = PBXBuildFile; fileRef = 7928962A201DFF0700BC22D3 /* Semester.swift */; };
		7928962D201E007E00BC22D3 /* AddSemesterController+ActionModel.swift in Sources */ = {isa = PBXBuildFile; fileRef = 7928962C201E007E00BC22D3 /* AddSemesterController+ActionModel.swift */; };
		7928962F201E013C00BC22D3 /* CGCTextField.swift in Sources */ = {isa = PBXBuildFile; fileRef = 7928962E201E013C00BC22D3 /* CGCTextField.swift */; };
		79289632201E9B8C00BC22D3 /* ClassesController.swift in Sources */ = {isa = PBXBuildFile; fileRef = 79289631201E9B8C00BC22D3 /* ClassesController.swift */; };
		79289634201E9C2400BC22D3 /* ClassesController+UITableViewDelegate.swift in Sources */ = {isa = PBXBuildFile; fileRef = 79289633201E9C2400BC22D3 /* ClassesController+UITableViewDelegate.swift */; };
		79289636201E9C2D00BC22D3 /* ClassesController+Protocol.swift in Sources */ = {isa = PBXBuildFile; fileRef = 79289635201E9C2D00BC22D3 /* ClassesController+Protocol.swift */; };
		79289638201E9C3700BC22D3 /* ClassesController+ActionModel.swift in Sources */ = {isa = PBXBuildFile; fileRef = 79289637201E9C3700BC22D3 /* ClassesController+ActionModel.swift */; };
		7928963A201E9C7300BC22D3 /* ClassCell.swift in Sources */ = {isa = PBXBuildFile; fileRef = 79289639201E9C7300BC22D3 /* ClassCell.swift */; };
		7928963D201EB45600BC22D3 /* AddClassController.swift in Sources */ = {isa = PBXBuildFile; fileRef = 7928963C201EB45600BC22D3 /* AddClassController.swift */; };
		7928963F201EB46700BC22D3 /* AddClassController+UIPickerViewDelegate.swift in Sources */ = {isa = PBXBuildFile; fileRef = 7928963E201EB46700BC22D3 /* AddClassController+UIPickerViewDelegate.swift */; };
		79289641201EB47700BC22D3 /* AddClassController+ActionModel.swift in Sources */ = {isa = PBXBuildFile; fileRef = 79289640201EB47700BC22D3 /* AddClassController+ActionModel.swift */; };
		79289643201EBB8800BC22D3 /* AddClassController+UITextFieldDelegate.swift in Sources */ = {isa = PBXBuildFile; fileRef = 79289642201EBB8800BC22D3 /* AddClassController+UITextFieldDelegate.swift */; };
		7998F38E201BC960007D9C0E /* AppDelegate.swift in Sources */ = {isa = PBXBuildFile; fileRef = 7998F38D201BC960007D9C0E /* AppDelegate.swift */; };
		7998F390201BC960007D9C0E /* SemestersController.swift in Sources */ = {isa = PBXBuildFile; fileRef = 7998F38F201BC960007D9C0E /* SemestersController.swift */; };
		7998F396201BC960007D9C0E /* CGC.xcdatamodeld in Sources */ = {isa = PBXBuildFile; fileRef = 7998F394201BC960007D9C0E /* CGC.xcdatamodeld */; };
		7998F398201BC960007D9C0E /* Assets.xcassets in Resources */ = {isa = PBXBuildFile; fileRef = 7998F397201BC960007D9C0E /* Assets.xcassets */; };
		7998F39B201BC960007D9C0E /* LaunchScreen.storyboard in Resources */ = {isa = PBXBuildFile; fileRef = 7998F399201BC960007D9C0E /* LaunchScreen.storyboard */; };
		7998F3A3201BC9AA007D9C0E /* MainTabBarController.swift in Sources */ = {isa = PBXBuildFile; fileRef = 7998F3A2201BC9AA007D9C0E /* MainTabBarController.swift */; };
		7998F3A5201BCA51007D9C0E /* Extensions.swift in Sources */ = {isa = PBXBuildFile; fileRef = 7998F3A4201BCA51007D9C0E /* Extensions.swift */; };
		7998F3A7201BCC44007D9C0E /* SettingsController.swift in Sources */ = {isa = PBXBuildFile; fileRef = 7998F3A6201BCC44007D9C0E /* SettingsController.swift */; };
		7998F3A9201BCD50007D9C0E /* AAGradientView.swift in Sources */ = {isa = PBXBuildFile; fileRef = 7998F3A8201BCD50007D9C0E /* AAGradientView.swift */; };
		7998F3AB201BD371007D9C0E /* UIView+Helpers.swift in Sources */ = {isa = PBXBuildFile; fileRef = 7998F3AA201BD371007D9C0E /* UIView+Helpers.swift */; };
		7998F3AD201C0251007D9C0E /* SemesterCell.swift in Sources */ = {isa = PBXBuildFile; fileRef = 7998F3AC201C0251007D9C0E /* SemesterCell.swift */; };
		7998F3AF201C10A8007D9C0E /* AddSemesterController.swift in Sources */ = {isa = PBXBuildFile; fileRef = 7998F3AE201C10A8007D9C0E /* AddSemesterController.swift */; };
		7998F3B1201C196F007D9C0E /* UIViewController+Helpers.swift in Sources */ = {isa = PBXBuildFile; fileRef = 7998F3B0201C196F007D9C0E /* UIViewController+Helpers.swift */; };
/* End PBXBuildFile section */

/* Begin PBXFileReference section */
		79106E76201D8EFD003F9729 /* AddSemesterController+UIPickerViewDelegate.swift */ = {isa = PBXFileReference; lastKnownFileType = sourcecode.swift; path = "AddSemesterController+UIPickerViewDelegate.swift"; sourceTree = "<group>"; };
		79106E7D201D93BD003F9729 /* SelectIconController.swift */ = {isa = PBXFileReference; lastKnownFileType = sourcecode.swift; path = SelectIconController.swift; sourceTree = "<group>"; };
		79289622201DFD9E00BC22D3 /* SemestersController+UITableViewDelegate.swift */ = {isa = PBXFileReference; lastKnownFileType = sourcecode.swift; path = "SemestersController+UITableViewDelegate.swift"; sourceTree = "<group>"; };
		79289624201DFE5800BC22D3 /* SemestersController+Protocol.swift */ = {isa = PBXFileReference; lastKnownFileType = sourcecode.swift; path = "SemestersController+Protocol.swift"; sourceTree = "<group>"; };
		79289626201DFE8200BC22D3 /* SemestersController+ActionModel.swift */ = {isa = PBXFileReference; lastKnownFileType = sourcecode.swift; path = "SemestersController+ActionModel.swift"; sourceTree = "<group>"; };
		79289628201DFEF700BC22D3 /* SemesterClass.swift */ = {isa = PBXFileReference; lastKnownFileType = sourcecode.swift; path = SemesterClass.swift; sourceTree = "<group>"; };
		7928962A201DFF0700BC22D3 /* Semester.swift */ = {isa = PBXFileReference; lastKnownFileType = sourcecode.swift; path = Semester.swift; sourceTree = "<group>"; };
		7928962C201E007E00BC22D3 /* AddSemesterController+ActionModel.swift */ = {isa = PBXFileReference; lastKnownFileType = sourcecode.swift; path = "AddSemesterController+ActionModel.swift"; sourceTree = "<group>"; };
		7928962E201E013C00BC22D3 /* CGCTextField.swift */ = {isa = PBXFileReference; lastKnownFileType = sourcecode.swift; path = CGCTextField.swift; sourceTree = "<group>"; };
		79289631201E9B8C00BC22D3 /* ClassesController.swift */ = {isa = PBXFileReference; lastKnownFileType = sourcecode.swift; path = ClassesController.swift; sourceTree = "<group>"; };
		79289633201E9C2400BC22D3 /* ClassesController+UITableViewDelegate.swift */ = {isa = PBXFileReference; lastKnownFileType = sourcecode.swift; path = "ClassesController+UITableViewDelegate.swift"; sourceTree = "<group>"; };
		79289635201E9C2D00BC22D3 /* ClassesController+Protocol.swift */ = {isa = PBXFileReference; lastKnownFileType = sourcecode.swift; path = "ClassesController+Protocol.swift"; sourceTree = "<group>"; };
		79289637201E9C3700BC22D3 /* ClassesController+ActionModel.swift */ = {isa = PBXFileReference; lastKnownFileType = sourcecode.swift; path = "ClassesController+ActionModel.swift"; sourceTree = "<group>"; };
		79289639201E9C7300BC22D3 /* ClassCell.swift */ = {isa = PBXFileReference; lastKnownFileType = sourcecode.swift; path = ClassCell.swift; sourceTree = "<group>"; };
		7928963C201EB45600BC22D3 /* AddClassController.swift */ = {isa = PBXFileReference; lastKnownFileType = sourcecode.swift; path = AddClassController.swift; sourceTree = "<group>"; };
		7928963E201EB46700BC22D3 /* AddClassController+UIPickerViewDelegate.swift */ = {isa = PBXFileReference; lastKnownFileType = sourcecode.swift; path = "AddClassController+UIPickerViewDelegate.swift"; sourceTree = "<group>"; };
		79289640201EB47700BC22D3 /* AddClassController+ActionModel.swift */ = {isa = PBXFileReference; lastKnownFileType = sourcecode.swift; path = "AddClassController+ActionModel.swift"; sourceTree = "<group>"; };
		79289642201EBB8800BC22D3 /* AddClassController+UITextFieldDelegate.swift */ = {isa = PBXFileReference; lastKnownFileType = sourcecode.swift; path = "AddClassController+UITextFieldDelegate.swift"; sourceTree = "<group>"; };
		7998F38A201BC960007D9C0E /* CGC.app */ = {isa = PBXFileReference; explicitFileType = wrapper.application; includeInIndex = 0; path = CGC.app; sourceTree = BUILT_PRODUCTS_DIR; };
		7998F38D201BC960007D9C0E /* AppDelegate.swift */ = {isa = PBXFileReference; lastKnownFileType = sourcecode.swift; path = AppDelegate.swift; sourceTree = "<group>"; };
		7998F38F201BC960007D9C0E /* SemestersController.swift */ = {isa = PBXFileReference; lastKnownFileType = sourcecode.swift; path = SemestersController.swift; sourceTree = "<group>"; };
		7998F395201BC960007D9C0E /* CGC.xcdatamodel */ = {isa = PBXFileReference; lastKnownFileType = wrapper.xcdatamodel; path = CGC.xcdatamodel; sourceTree = "<group>"; };
		7998F397201BC960007D9C0E /* Assets.xcassets */ = {isa = PBXFileReference; lastKnownFileType = folder.assetcatalog; path = Assets.xcassets; sourceTree = "<group>"; };
		7998F39A201BC960007D9C0E /* Base */ = {isa = PBXFileReference; lastKnownFileType = file.storyboard; name = Base; path = Base.lproj/LaunchScreen.storyboard; sourceTree = "<group>"; };
		7998F39C201BC960007D9C0E /* Info.plist */ = {isa = PBXFileReference; lastKnownFileType = text.plist.xml; path = Info.plist; sourceTree = "<group>"; };
		7998F3A2201BC9AA007D9C0E /* MainTabBarController.swift */ = {isa = PBXFileReference; lastKnownFileType = sourcecode.swift; path = MainTabBarController.swift; sourceTree = "<group>"; };
		7998F3A4201BCA51007D9C0E /* Extensions.swift */ = {isa = PBXFileReference; lastKnownFileType = sourcecode.swift; path = Extensions.swift; sourceTree = "<group>"; };
		7998F3A6201BCC44007D9C0E /* SettingsController.swift */ = {isa = PBXFileReference; lastKnownFileType = sourcecode.swift; path = SettingsController.swift; sourceTree = "<group>"; };
		7998F3A8201BCD50007D9C0E /* AAGradientView.swift */ = {isa = PBXFileReference; lastKnownFileType = sourcecode.swift; path = AAGradientView.swift; sourceTree = "<group>"; };
		7998F3AA201BD371007D9C0E /* UIView+Helpers.swift */ = {isa = PBXFileReference; lastKnownFileType = sourcecode.swift; path = "UIView+Helpers.swift"; sourceTree = "<group>"; };
		7998F3AC201C0251007D9C0E /* SemesterCell.swift */ = {isa = PBXFileReference; lastKnownFileType = sourcecode.swift; path = SemesterCell.swift; sourceTree = "<group>"; };
		7998F3AE201C10A8007D9C0E /* AddSemesterController.swift */ = {isa = PBXFileReference; lastKnownFileType = sourcecode.swift; path = AddSemesterController.swift; sourceTree = "<group>"; };
		7998F3B0201C196F007D9C0E /* UIViewController+Helpers.swift */ = {isa = PBXFileReference; lastKnownFileType = sourcecode.swift; path = "UIViewController+Helpers.swift"; sourceTree = "<group>"; };
/* End PBXFileReference section */

/* Begin PBXFrameworksBuildPhase section */
		7998F387201BC960007D9C0E /* Frameworks */ = {
			isa = PBXFrameworksBuildPhase;
			buildActionMask = 2147483647;
			files = (
			);
			runOnlyForDeploymentPostprocessing = 0;
		};
/* End PBXFrameworksBuildPhase section */

/* Begin PBXGroup section */
		79106E75201D8EDF003F9729 /* AddSemester */ = {
			isa = PBXGroup;
			children = (
				7998F3AE201C10A8007D9C0E /* AddSemesterController.swift */,
				79106E76201D8EFD003F9729 /* AddSemesterController+UIPickerViewDelegate.swift */,
				7928962C201E007E00BC22D3 /* AddSemesterController+ActionModel.swift */,
			);
			path = AddSemester;
			sourceTree = "<group>";
		};
		79106E78201D8FAB003F9729 /* Semesters */ = {
			isa = PBXGroup;
			children = (
				79106E75201D8EDF003F9729 /* AddSemester */,
				7998F38F201BC960007D9C0E /* SemestersController.swift */,
				79289622201DFD9E00BC22D3 /* SemestersController+UITableViewDelegate.swift */,
				79289624201DFE5800BC22D3 /* SemestersController+Protocol.swift */,
				79289626201DFE8200BC22D3 /* SemestersController+ActionModel.swift */,
				7998F3AC201C0251007D9C0E /* SemesterCell.swift */,
				7928962A201DFF0700BC22D3 /* Semester.swift */,
			);
			path = Semesters;
			sourceTree = "<group>";
		};
		79106E79201D9017003F9729 /* Settings */ = {
			isa = PBXGroup;
			children = (
				7998F3A6201BCC44007D9C0E /* SettingsController.swift */,
			);
			path = Settings;
			sourceTree = "<group>";
		};
		79106E7A201D902A003F9729 /* Extension+Helpers */ = {
			isa = PBXGroup;
			children = (
				7998F3A4201BCA51007D9C0E /* Extensions.swift */,
				7998F3A8201BCD50007D9C0E /* AAGradientView.swift */,
				7998F3AA201BD371007D9C0E /* UIView+Helpers.swift */,
				7998F3B0201C196F007D9C0E /* UIViewController+Helpers.swift */,
				7928962E201E013C00BC22D3 /* CGCTextField.swift */,
			);
			path = "Extension+Helpers";
			sourceTree = "<group>";
		};
		79289630201E9B8200BC22D3 /* Classes */ = {
			isa = PBXGroup;
			children = (
				7928963B201EB3FD00BC22D3 /* AddClass */,
				79289631201E9B8C00BC22D3 /* ClassesController.swift */,
				79289633201E9C2400BC22D3 /* ClassesController+UITableViewDelegate.swift */,
				79289635201E9C2D00BC22D3 /* ClassesController+Protocol.swift */,
				79289637201E9C3700BC22D3 /* ClassesController+ActionModel.swift */,
				79289628201DFEF700BC22D3 /* SemesterClass.swift */,
				79289639201E9C7300BC22D3 /* ClassCell.swift */,
			);
			path = Classes;
			sourceTree = "<group>";
		};
		7928963B201EB3FD00BC22D3 /* AddClass */ = {
			isa = PBXGroup;
			children = (
				7928963C201EB45600BC22D3 /* AddClassController.swift */,
				7928963E201EB46700BC22D3 /* AddClassController+UIPickerViewDelegate.swift */,
				79289642201EBB8800BC22D3 /* AddClassController+UITextFieldDelegate.swift */,
				79289640201EB47700BC22D3 /* AddClassController+ActionModel.swift */,
			);
			path = AddClass;
			sourceTree = "<group>";
		};
		7998F381201BC960007D9C0E = {
			isa = PBXGroup;
			children = (
				7998F38C201BC960007D9C0E /* CGC */,
				7998F38B201BC960007D9C0E /* Products */,
			);
			sourceTree = "<group>";
		};
		7998F38B201BC960007D9C0E /* Products */ = {
			isa = PBXGroup;
			children = (
				7998F38A201BC960007D9C0E /* CGC.app */,
			);
			name = Products;
			sourceTree = "<group>";
		};
		7998F38C201BC960007D9C0E /* CGC */ = {
			isa = PBXGroup;
			children = (
				79289630201E9B8200BC22D3 /* Classes */,
				7998F38D201BC960007D9C0E /* AppDelegate.swift */,
				7998F3A2201BC9AA007D9C0E /* MainTabBarController.swift */,
				79106E7D201D93BD003F9729 /* SelectIconController.swift */,
				79106E78201D8FAB003F9729 /* Semesters */,
				79106E79201D9017003F9729 /* Settings */,
				79106E7A201D902A003F9729 /* Extension+Helpers */,
				7998F397201BC960007D9C0E /* Assets.xcassets */,
				7998F399201BC960007D9C0E /* LaunchScreen.storyboard */,
				7998F39C201BC960007D9C0E /* Info.plist */,
				7998F394201BC960007D9C0E /* CGC.xcdatamodeld */,
			);
			path = CGC;
			sourceTree = "<group>";
		};
/* End PBXGroup section */

/* Begin PBXNativeTarget section */
		7998F389201BC960007D9C0E /* CGC */ = {
			isa = PBXNativeTarget;
			buildConfigurationList = 7998F39F201BC960007D9C0E /* Build configuration list for PBXNativeTarget "CGC" */;
			buildPhases = (
				7998F386201BC960007D9C0E /* Sources */,
				7998F387201BC960007D9C0E /* Frameworks */,
				7998F388201BC960007D9C0E /* Resources */,
			);
			buildRules = (
			);
			dependencies = (
			);
			name = CGC;
			productName = CGC;
			productReference = 7998F38A201BC960007D9C0E /* CGC.app */;
			productType = "com.apple.product-type.application";
		};
/* End PBXNativeTarget section */

/* Begin PBXProject section */
		7998F382201BC960007D9C0E /* Project object */ = {
			isa = PBXProject;
			attributes = {
				LastSwiftUpdateCheck = 0920;
				LastUpgradeCheck = 0920;
				ORGANIZATIONNAME = AsherApps;
				TargetAttributes = {
					7998F389201BC960007D9C0E = {
						CreatedOnToolsVersion = 9.2;
						ProvisioningStyle = Automatic;
					};
				};
			};
			buildConfigurationList = 7998F385201BC960007D9C0E /* Build configuration list for PBXProject "CGC" */;
			compatibilityVersion = "Xcode 8.0";
			developmentRegion = en;
			hasScannedForEncodings = 0;
			knownRegions = (
				en,
				Base,
			);
			mainGroup = 7998F381201BC960007D9C0E;
			productRefGroup = 7998F38B201BC960007D9C0E /* Products */;
			projectDirPath = "";
			projectRoot = "";
			targets = (
				7998F389201BC960007D9C0E /* CGC */,
			);
		};
/* End PBXProject section */

/* Begin PBXResourcesBuildPhase section */
		7998F388201BC960007D9C0E /* Resources */ = {
			isa = PBXResourcesBuildPhase;
			buildActionMask = 2147483647;
			files = (
				7998F39B201BC960007D9C0E /* LaunchScreen.storyboard in Resources */,
				7998F398201BC960007D9C0E /* Assets.xcassets in Resources */,
			);
			runOnlyForDeploymentPostprocessing = 0;
		};
/* End PBXResourcesBuildPhase section */

/* Begin PBXSourcesBuildPhase section */
		7998F386201BC960007D9C0E /* Sources */ = {
			isa = PBXSourcesBuildPhase;
			buildActionMask = 2147483647;
			files = (
				7998F3A7201BCC44007D9C0E /* SettingsController.swift in Sources */,
				79106E77201D8EFD003F9729 /* AddSemesterController+UIPickerViewDelegate.swift in Sources */,
				7998F3A5201BCA51007D9C0E /* Extensions.swift in Sources */,
				79289627201DFE8200BC22D3 /* SemestersController+ActionModel.swift in Sources */,
				7928963F201EB46700BC22D3 /* AddClassController+UIPickerViewDelegate.swift in Sources */,
				7998F3AD201C0251007D9C0E /* SemesterCell.swift in Sources */,
				7998F3AF201C10A8007D9C0E /* AddSemesterController.swift in Sources */,
				79289643201EBB8800BC22D3 /* AddClassController+UITextFieldDelegate.swift in Sources */,
				7928962B201DFF0700BC22D3 /* Semester.swift in Sources */,
				79289632201E9B8C00BC22D3 /* ClassesController.swift in Sources */,
				7998F3A9201BCD50007D9C0E /* AAGradientView.swift in Sources */,
				79289641201EB47700BC22D3 /* AddClassController+ActionModel.swift in Sources */,
				7928963A201E9C7300BC22D3 /* ClassCell.swift in Sources */,
				79106E7E201D93BD003F9729 /* SelectIconController.swift in Sources */,
				7998F3AB201BD371007D9C0E /* UIView+Helpers.swift in Sources */,
				7998F390201BC960007D9C0E /* SemestersController.swift in Sources */,
				7998F396201BC960007D9C0E /* CGC.xcdatamodeld in Sources */,
				7928963D201EB45600BC22D3 /* AddClassController.swift in Sources */,
				79289625201DFE5800BC22D3 /* SemestersController+Protocol.swift in Sources */,
				79289629201DFEF700BC22D3 /* SemesterClass.swift in Sources */,
				79289623201DFD9E00BC22D3 /* SemestersController+UITableViewDelegate.swift in Sources */,
				7928962F201E013C00BC22D3 /* CGCTextField.swift in Sources */,
				79289634201E9C2400BC22D3 /* ClassesController+UITableViewDelegate.swift in Sources */,
				79289638201E9C3700BC22D3 /* ClassesController+ActionModel.swift in Sources */,
				7998F3B1201C196F007D9C0E /* UIViewController+Helpers.swift in Sources */,
				7928962D201E007E00BC22D3 /* AddSemesterController+ActionModel.swift in Sources */,
				7998F3A3201BC9AA007D9C0E /* MainTabBarController.swift in Sources */,
				7998F38E201BC960007D9C0E /* AppDelegate.swift in Sources */,
				79289636201E9C2D00BC22D3 /* ClassesController+Protocol.swift in Sources */,
			);
			runOnlyForDeploymentPostprocessing = 0;
		};
/* End PBXSourcesBuildPhase section */

/* Begin PBXVariantGroup section */
		7998F399201BC960007D9C0E /* LaunchScreen.storyboard */ = {
			isa = PBXVariantGroup;
			children = (
				7998F39A201BC960007D9C0E /* Base */,
			);
			name = LaunchScreen.storyboard;
			sourceTree = "<group>";
		};
/* End PBXVariantGroup section */

/* Begin XCBuildConfiguration section */
		7998F39D201BC960007D9C0E /* Debug */ = {
			isa = XCBuildConfiguration;
			buildSettings = {
				ALWAYS_SEARCH_USER_PATHS = NO;
				CLANG_ANALYZER_NONNULL = YES;
				CLANG_ANALYZER_NUMBER_OBJECT_CONVERSION = YES_AGGRESSIVE;
				CLANG_CXX_LANGUAGE_STANDARD = "gnu++14";
				CLANG_CXX_LIBRARY = "libc++";
				CLANG_ENABLE_MODULES = YES;
				CLANG_ENABLE_OBJC_ARC = YES;
				CLANG_WARN_BLOCK_CAPTURE_AUTORELEASING = YES;
				CLANG_WARN_BOOL_CONVERSION = YES;
				CLANG_WARN_COMMA = YES;
				CLANG_WARN_CONSTANT_CONVERSION = YES;
				CLANG_WARN_DIRECT_OBJC_ISA_USAGE = YES_ERROR;
				CLANG_WARN_DOCUMENTATION_COMMENTS = YES;
				CLANG_WARN_EMPTY_BODY = YES;
				CLANG_WARN_ENUM_CONVERSION = YES;
				CLANG_WARN_INFINITE_RECURSION = YES;
				CLANG_WARN_INT_CONVERSION = YES;
				CLANG_WARN_NON_LITERAL_NULL_CONVERSION = YES;
				CLANG_WARN_OBJC_LITERAL_CONVERSION = YES;
				CLANG_WARN_OBJC_ROOT_CLASS = YES_ERROR;
				CLANG_WARN_RANGE_LOOP_ANALYSIS = YES;
				CLANG_WARN_STRICT_PROTOTYPES = YES;
				CLANG_WARN_SUSPICIOUS_MOVE = YES;
				CLANG_WARN_UNGUARDED_AVAILABILITY = YES_AGGRESSIVE;
				CLANG_WARN_UNREACHABLE_CODE = YES;
				CLANG_WARN__DUPLICATE_METHOD_MATCH = YES;
				CODE_SIGN_IDENTITY = "iPhone Developer";
				COPY_PHASE_STRIP = NO;
				DEBUG_INFORMATION_FORMAT = dwarf;
				ENABLE_STRICT_OBJC_MSGSEND = YES;
				ENABLE_TESTABILITY = YES;
				GCC_C_LANGUAGE_STANDARD = gnu11;
				GCC_DYNAMIC_NO_PIC = NO;
				GCC_NO_COMMON_BLOCKS = YES;
				GCC_OPTIMIZATION_LEVEL = 0;
				GCC_PREPROCESSOR_DEFINITIONS = (
					"DEBUG=1",
					"$(inherited)",
				);
				GCC_WARN_64_TO_32_BIT_CONVERSION = YES;
				GCC_WARN_ABOUT_RETURN_TYPE = YES_ERROR;
				GCC_WARN_UNDECLARED_SELECTOR = YES;
				GCC_WARN_UNINITIALIZED_AUTOS = YES_AGGRESSIVE;
				GCC_WARN_UNUSED_FUNCTION = YES;
				GCC_WARN_UNUSED_VARIABLE = YES;
				IPHONEOS_DEPLOYMENT_TARGET = 11.2;
				MTL_ENABLE_DEBUG_INFO = YES;
				ONLY_ACTIVE_ARCH = YES;
				SDKROOT = iphoneos;
				SWIFT_ACTIVE_COMPILATION_CONDITIONS = DEBUG;
				SWIFT_OPTIMIZATION_LEVEL = "-Onone";
			};
			name = Debug;
		};
		7998F39E201BC960007D9C0E /* Release */ = {
			isa = XCBuildConfiguration;
			buildSettings = {
				ALWAYS_SEARCH_USER_PATHS = NO;
				CLANG_ANALYZER_NONNULL = YES;
				CLANG_ANALYZER_NUMBER_OBJECT_CONVERSION = YES_AGGRESSIVE;
				CLANG_CXX_LANGUAGE_STANDARD = "gnu++14";
				CLANG_CXX_LIBRARY = "libc++";
				CLANG_ENABLE_MODULES = YES;
				CLANG_ENABLE_OBJC_ARC = YES;
				CLANG_WARN_BLOCK_CAPTURE_AUTORELEASING = YES;
				CLANG_WARN_BOOL_CONVERSION = YES;
				CLANG_WARN_COMMA = YES;
				CLANG_WARN_CONSTANT_CONVERSION = YES;
				CLANG_WARN_DIRECT_OBJC_ISA_USAGE = YES_ERROR;
				CLANG_WARN_DOCUMENTATION_COMMENTS = YES;
				CLANG_WARN_EMPTY_BODY = YES;
				CLANG_WARN_ENUM_CONVERSION = YES;
				CLANG_WARN_INFINITE_RECURSION = YES;
				CLANG_WARN_INT_CONVERSION = YES;
				CLANG_WARN_NON_LITERAL_NULL_CONVERSION = YES;
				CLANG_WARN_OBJC_LITERAL_CONVERSION = YES;
				CLANG_WARN_OBJC_ROOT_CLASS = YES_ERROR;
				CLANG_WARN_RANGE_LOOP_ANALYSIS = YES;
				CLANG_WARN_STRICT_PROTOTYPES = YES;
				CLANG_WARN_SUSPICIOUS_MOVE = YES;
				CLANG_WARN_UNGUARDED_AVAILABILITY = YES_AGGRESSIVE;
				CLANG_WARN_UNREACHABLE_CODE = YES;
				CLANG_WARN__DUPLICATE_METHOD_MATCH = YES;
				CODE_SIGN_IDENTITY = "iPhone Developer";
				COPY_PHASE_STRIP = NO;
				DEBUG_INFORMATION_FORMAT = "dwarf-with-dsym";
				ENABLE_NS_ASSERTIONS = NO;
				ENABLE_STRICT_OBJC_MSGSEND = YES;
				GCC_C_LANGUAGE_STANDARD = gnu11;
				GCC_NO_COMMON_BLOCKS = YES;
				GCC_WARN_64_TO_32_BIT_CONVERSION = YES;
				GCC_WARN_ABOUT_RETURN_TYPE = YES_ERROR;
				GCC_WARN_UNDECLARED_SELECTOR = YES;
				GCC_WARN_UNINITIALIZED_AUTOS = YES_AGGRESSIVE;
				GCC_WARN_UNUSED_FUNCTION = YES;
				GCC_WARN_UNUSED_VARIABLE = YES;
				IPHONEOS_DEPLOYMENT_TARGET = 11.2;
				MTL_ENABLE_DEBUG_INFO = NO;
				SDKROOT = iphoneos;
				SWIFT_OPTIMIZATION_LEVEL = "-Owholemodule";
				VALIDATE_PRODUCT = YES;
			};
			name = Release;
		};
		7998F3A0201BC960007D9C0E /* Debug */ = {
			isa = XCBuildConfiguration;
			buildSettings = {
				ASSETCATALOG_COMPILER_APPICON_NAME = AppIcon;
				CODE_SIGN_STYLE = Automatic;
				DEVELOPMENT_TEAM = VETRU2J3NX;
				INFOPLIST_FILE = CGC/Info.plist;
				LD_RUNPATH_SEARCH_PATHS = "$(inherited) @executable_path/Frameworks";
				PRODUCT_BUNDLE_IDENTIFIER = com.maxnelsondevelopment.CGC;
				PRODUCT_NAME = "$(TARGET_NAME)";
				SWIFT_VERSION = 4.0;
				TARGETED_DEVICE_FAMILY = "1,2";
			};
			name = Debug;
		};
		7998F3A1201BC960007D9C0E /* Release */ = {
			isa = XCBuildConfiguration;
			buildSettings = {
				ASSETCATALOG_COMPILER_APPICON_NAME = AppIcon;
				CODE_SIGN_STYLE = Automatic;
				DEVELOPMENT_TEAM = VETRU2J3NX;
				INFOPLIST_FILE = CGC/Info.plist;
				LD_RUNPATH_SEARCH_PATHS = "$(inherited) @executable_path/Frameworks";
				PRODUCT_BUNDLE_IDENTIFIER = com.maxnelsondevelopment.CGC;
				PRODUCT_NAME = "$(TARGET_NAME)";
				SWIFT_VERSION = 4.0;
				TARGETED_DEVICE_FAMILY = "1,2";
			};
			name = Release;
		};
/* End XCBuildConfiguration section */

/* Begin XCConfigurationList section */
		7998F385201BC960007D9C0E /* Build configuration list for PBXProject "CGC" */ = {
			isa = XCConfigurationList;
			buildConfigurations = (
				7998F39D201BC960007D9C0E /* Debug */,
				7998F39E201BC960007D9C0E /* Release */,
			);
			defaultConfigurationIsVisible = 0;
			defaultConfigurationName = Release;
		};
		7998F39F201BC960007D9C0E /* Build configuration list for PBXNativeTarget "CGC" */ = {
			isa = XCConfigurationList;
			buildConfigurations = (
				7998F3A0201BC960007D9C0E /* Debug */,
				7998F3A1201BC960007D9C0E /* Release */,
			);
			defaultConfigurationIsVisible = 0;
			defaultConfigurationName = Release;
		};
/* End XCConfigurationList section */

/* Begin XCVersionGroup section */
		7998F394201BC960007D9C0E /* CGC.xcdatamodeld */ = {
			isa = XCVersionGroup;
			children = (
				7998F395201BC960007D9C0E /* CGC.xcdatamodel */,
			);
			currentVersion = 7998F395201BC960007D9C0E /* CGC.xcdatamodel */;
			path = CGC.xcdatamodeld;
			sourceTree = "<group>";
			versionGroupType = wrapper.xcdatamodel;
		};
/* End XCVersionGroup section */
	};
	rootObject = 7998F382201BC960007D9C0E /* Project object */;
}
